// !$*UTF8*$!
{
	archiveVersion = 1;
	classes = {
	};
	objectVersion = 55;
	objects = {

/* Begin PBXBuildFile section */
		55FF6B4B26E3361000D47115 /* Tests_iOS.swift in Sources */ = {isa = PBXBuildFile; fileRef = 55FF6B4A26E3361000D47115 /* Tests_iOS.swift */; };
		55FF6B5526E3361000D47115 /* Tests_macOS.swift in Sources */ = {isa = PBXBuildFile; fileRef = 55FF6B5426E3361000D47115 /* Tests_macOS.swift */; };
		55FF6B5626E3361000D47115 /* MapPPApp.swift in Sources */ = {isa = PBXBuildFile; fileRef = 55FF6B3426E3360E00D47115 /* MapPPApp.swift */; };
		55FF6B5726E3361000D47115 /* MapPPApp.swift in Sources */ = {isa = PBXBuildFile; fileRef = 55FF6B3426E3360E00D47115 /* MapPPApp.swift */; };
		55FF6B5826E3361000D47115 /* ContentView.swift in Sources */ = {isa = PBXBuildFile; fileRef = 55FF6B3526E3360E00D47115 /* ContentView.swift */; };
		55FF6B5926E3361000D47115 /* ContentView.swift in Sources */ = {isa = PBXBuildFile; fileRef = 55FF6B3526E3360E00D47115 /* ContentView.swift */; };
		55FF6B5A26E3361000D47115 /* Assets.xcassets in Resources */ = {isa = PBXBuildFile; fileRef = 55FF6B3626E3361000D47115 /* Assets.xcassets */; };
		55FF6B5B26E3361000D47115 /* Assets.xcassets in Resources */ = {isa = PBXBuildFile; fileRef = 55FF6B3626E3361000D47115 /* Assets.xcassets */; };
/* End PBXBuildFile section */

/* Begin PBXContainerItemProxy section */
		55FF6B4726E3361000D47115 /* PBXContainerItemProxy */ = {
			isa = PBXContainerItemProxy;
			containerPortal = 55FF6B2F26E3360E00D47115 /* Project object */;
			proxyType = 1;
			remoteGlobalIDString = 55FF6B3A26E3361000D47115;
			remoteInfo = "MapPP (iOS)";
		};
		55FF6B5126E3361000D47115 /* PBXContainerItemProxy */ = {
			isa = PBXContainerItemProxy;
			containerPortal = 55FF6B2F26E3360E00D47115 /* Project object */;
			proxyType = 1;
			remoteGlobalIDString = 55FF6B4026E3361000D47115;
			remoteInfo = "MapPP (macOS)";
		};
/* End PBXContainerItemProxy section */

/* Begin PBXFileReference section */
		55FF6B3426E3360E00D47115 /* MapPPApp.swift */ = {isa = PBXFileReference; lastKnownFileType = sourcecode.swift; path = MapPPApp.swift; sourceTree = "<group>"; };
		55FF6B3526E3360E00D47115 /* ContentView.swift */ = {isa = PBXFileReference; lastKnownFileType = sourcecode.swift; path = ContentView.swift; sourceTree = "<group>"; };
		55FF6B3626E3361000D47115 /* Assets.xcassets */ = {isa = PBXFileReference; lastKnownFileType = folder.assetcatalog; path = Assets.xcassets; sourceTree = "<group>"; };
		55FF6B3B26E3361000D47115 /* MapPP.app */ = {isa = PBXFileReference; explicitFileType = wrapper.application; includeInIndex = 0; path = MapPP.app; sourceTree = BUILT_PRODUCTS_DIR; };
		55FF6B4126E3361000D47115 /* MapPP.app */ = {isa = PBXFileReference; explicitFileType = wrapper.application; includeInIndex = 0; path = MapPP.app; sourceTree = BUILT_PRODUCTS_DIR; };
		55FF6B4626E3361000D47115 /* Tests iOS.xctest */ = {isa = PBXFileReference; explicitFileType = wrapper.cfbundle; includeInIndex = 0; path = "Tests iOS.xctest"; sourceTree = BUILT_PRODUCTS_DIR; };
		55FF6B4A26E3361000D47115 /* Tests_iOS.swift */ = {isa = PBXFileReference; lastKnownFileType = sourcecode.swift; path = Tests_iOS.swift; sourceTree = "<group>"; };
		55FF6B5026E3361000D47115 /* Tests macOS.xctest */ = {isa = PBXFileReference; explicitFileType = wrapper.cfbundle; includeInIndex = 0; path = "Tests macOS.xctest"; sourceTree = BUILT_PRODUCTS_DIR; };
		55FF6B5426E3361000D47115 /* Tests_macOS.swift */ = {isa = PBXFileReference; lastKnownFileType = sourcecode.swift; path = Tests_macOS.swift; sourceTree = "<group>"; };
/* End PBXFileReference section */

/* Begin PBXFrameworksBuildPhase section */
		55FF6B3826E3361000D47115 /* Frameworks */ = {
			isa = PBXFrameworksBuildPhase;
			buildActionMask = 2147483647;
			files = (
			);
			runOnlyForDeploymentPostprocessing = 0;
		};
		55FF6B3E26E3361000D47115 /* Frameworks */ = {
			isa = PBXFrameworksBuildPhase;
			buildActionMask = 2147483647;
			files = (
			);
			runOnlyForDeploymentPostprocessing = 0;
		};
		55FF6B4326E3361000D47115 /* Frameworks */ = {
			isa = PBXFrameworksBuildPhase;
			buildActionMask = 2147483647;
			files = (
			);
			runOnlyForDeploymentPostprocessing = 0;
		};
		55FF6B4D26E3361000D47115 /* Frameworks */ = {
			isa = PBXFrameworksBuildPhase;
			buildActionMask = 2147483647;
			files = (
			);
			runOnlyForDeploymentPostprocessing = 0;
		};
/* End PBXFrameworksBuildPhase section */

/* Begin PBXGroup section */
		55FF6B2E26E3360E00D47115 = {
			isa = PBXGroup;
			children = (
				55FF6B3326E3360E00D47115 /* Shared */,
				55FF6B4926E3361000D47115 /* Tests iOS */,
				55FF6B5326E3361000D47115 /* Tests macOS */,
				55FF6B3C26E3361000D47115 /* Products */,
			);
			sourceTree = "<group>";
		};
		55FF6B3326E3360E00D47115 /* Shared */ = {
			isa = PBXGroup;
			children = (
				55FF6B3426E3360E00D47115 /* MapPPApp.swift */,
				55FF6B3526E3360E00D47115 /* ContentView.swift */,
				55FF6B3626E3361000D47115 /* Assets.xcassets */,
			);
			path = Shared;
			sourceTree = "<group>";
		};
		55FF6B3C26E3361000D47115 /* Products */ = {
			isa = PBXGroup;
			children = (
				55FF6B3B26E3361000D47115 /* MapPP.app */,
				55FF6B4126E3361000D47115 /* MapPP.app */,
				55FF6B4626E3361000D47115 /* Tests iOS.xctest */,
				55FF6B5026E3361000D47115 /* Tests macOS.xctest */,
			);
			name = Products;
			sourceTree = "<group>";
		};
		55FF6B4926E3361000D47115 /* Tests iOS */ = {
			isa = PBXGroup;
			children = (
				55FF6B4A26E3361000D47115 /* Tests_iOS.swift */,
			);
			path = "Tests iOS";
			sourceTree = "<group>";
		};
		55FF6B5326E3361000D47115 /* Tests macOS */ = {
			isa = PBXGroup;
			children = (
				55FF6B5426E3361000D47115 /* Tests_macOS.swift */,
			);
			path = "Tests macOS";
			sourceTree = "<group>";
		};
/* End PBXGroup section */

/* Begin PBXNativeTarget section */
		55FF6B3A26E3361000D47115 /* MapPP (iOS) */ = {
			isa = PBXNativeTarget;
			buildConfigurationList = 55FF6B5E26E3361000D47115 /* Build configuration list for PBXNativeTarget "MapPP (iOS)" */;
			buildPhases = (
				55FF6B3726E3361000D47115 /* Sources */,
				55FF6B3826E3361000D47115 /* Frameworks */,
				55FF6B3926E3361000D47115 /* Resources */,
			);
			buildRules = (
			);
			dependencies = (
			);
			name = "MapPP (iOS)";
			productName = "MapPP (iOS)";
			productReference = 55FF6B3B26E3361000D47115 /* MapPP.app */;
			productType = "com.apple.product-type.application";
		};
		55FF6B4026E3361000D47115 /* MapPP (macOS) */ = {
			isa = PBXNativeTarget;
			buildConfigurationList = 55FF6B6126E3361000D47115 /* Build configuration list for PBXNativeTarget "MapPP (macOS)" */;
			buildPhases = (
				55FF6B3D26E3361000D47115 /* Sources */,
				55FF6B3E26E3361000D47115 /* Frameworks */,
				55FF6B3F26E3361000D47115 /* Resources */,
			);
			buildRules = (
			);
			dependencies = (
			);
			name = "MapPP (macOS)";
			productName = "MapPP (macOS)";
			productReference = 55FF6B4126E3361000D47115 /* MapPP.app */;
			productType = "com.apple.product-type.application";
		};
		55FF6B4526E3361000D47115 /* Tests iOS */ = {
			isa = PBXNativeTarget;
			buildConfigurationList = 55FF6B6426E3361000D47115 /* Build configuration list for PBXNativeTarget "Tests iOS" */;
			buildPhases = (
				55FF6B4226E3361000D47115 /* Sources */,
				55FF6B4326E3361000D47115 /* Frameworks */,
				55FF6B4426E3361000D47115 /* Resources */,
			);
			buildRules = (
			);
			dependencies = (
				55FF6B4826E3361000D47115 /* PBXTargetDependency */,
			);
			name = "Tests iOS";
			productName = "Tests iOS";
			productReference = 55FF6B4626E3361000D47115 /* Tests iOS.xctest */;
			productType = "com.apple.product-type.bundle.ui-testing";
		};
		55FF6B4F26E3361000D47115 /* Tests macOS */ = {
			isa = PBXNativeTarget;
			buildConfigurationList = 55FF6B6726E3361000D47115 /* Build configuration list for PBXNativeTarget "Tests macOS" */;
			buildPhases = (
				55FF6B4C26E3361000D47115 /* Sources */,
				55FF6B4D26E3361000D47115 /* Frameworks */,
				55FF6B4E26E3361000D47115 /* Resources */,
			);
			buildRules = (
			);
			dependencies = (
				55FF6B5226E3361000D47115 /* PBXTargetDependency */,
			);
			name = "Tests macOS";
			productName = "Tests macOS";
			productReference = 55FF6B5026E3361000D47115 /* Tests macOS.xctest */;
			productType = "com.apple.product-type.bundle.ui-testing";
		};
/* End PBXNativeTarget section */

/* Begin PBXProject section */
		55FF6B2F26E3360E00D47115 /* Project object */ = {
			isa = PBXProject;
			attributes = {
				BuildIndependentTargetsInParallel = 1;
				LastSwiftUpdateCheck = 1300;
				LastUpgradeCheck = 1300;
				TargetAttributes = {
					55FF6B3A26E3361000D47115 = {
						CreatedOnToolsVersion = 13.0;
					};
					55FF6B4026E3361000D47115 = {
						CreatedOnToolsVersion = 13.0;
					};
					55FF6B4526E3361000D47115 = {
						CreatedOnToolsVersion = 13.0;
						TestTargetID = 55FF6B3A26E3361000D47115;
					};
					55FF6B4F26E3361000D47115 = {
						CreatedOnToolsVersion = 13.0;
						TestTargetID = 55FF6B4026E3361000D47115;
					};
				};
			};
			buildConfigurationList = 55FF6B3226E3360E00D47115 /* Build configuration list for PBXProject "MapPP" */;
			compatibilityVersion = "Xcode 13.0";
			developmentRegion = en;
			hasScannedForEncodings = 0;
			knownRegions = (
				en,
				Base,
			);
			mainGroup = 55FF6B2E26E3360E00D47115;
			productRefGroup = 55FF6B3C26E3361000D47115 /* Products */;
			projectDirPath = "";
			projectRoot = "";
			targets = (
				55FF6B3A26E3361000D47115 /* MapPP (iOS) */,
				55FF6B4026E3361000D47115 /* MapPP (macOS) */,
				55FF6B4526E3361000D47115 /* Tests iOS */,
				55FF6B4F26E3361000D47115 /* Tests macOS */,
			);
		};
/* End PBXProject section */

/* Begin PBXResourcesBuildPhase section */
		55FF6B3926E3361000D47115 /* Resources */ = {
			isa = PBXResourcesBuildPhase;
			buildActionMask = 2147483647;
			files = (
				55FF6B5A26E3361000D47115 /* Assets.xcassets in Resources */,
			);
			runOnlyForDeploymentPostprocessing = 0;
		};
		55FF6B3F26E3361000D47115 /* Resources */ = {
			isa = PBXResourcesBuildPhase;
			buildActionMask = 2147483647;
			files = (
				55FF6B5B26E3361000D47115 /* Assets.xcassets in Resources */,
			);
			runOnlyForDeploymentPostprocessing = 0;
		};
		55FF6B4426E3361000D47115 /* Resources */ = {
			isa = PBXResourcesBuildPhase;
			buildActionMask = 2147483647;
			files = (
			);
			runOnlyForDeploymentPostprocessing = 0;
		};
		55FF6B4E26E3361000D47115 /* Resources */ = {
			isa = PBXResourcesBuildPhase;
			buildActionMask = 2147483647;
			files = (
			);
			runOnlyForDeploymentPostprocessing = 0;
		};
/* End PBXResourcesBuildPhase section */

/* Begin PBXSourcesBuildPhase section */
		55FF6B3726E3361000D47115 /* Sources */ = {
			isa = PBXSourcesBuildPhase;
			buildActionMask = 2147483647;
			files = (
				55FF6B5826E3361000D47115 /* ContentView.swift in Sources */,
				55FF6B5626E3361000D47115 /* MapPPApp.swift in Sources */,
			);
			runOnlyForDeploymentPostprocessing = 0;
		};
		55FF6B3D26E3361000D47115 /* Sources */ = {
			isa = PBXSourcesBuildPhase;
			buildActionMask = 2147483647;
			files = (
				55FF6B5926E3361000D47115 /* ContentView.swift in Sources */,
				55FF6B5726E3361000D47115 /* MapPPApp.swift in Sources */,
			);
			runOnlyForDeploymentPostprocessing = 0;
		};
		55FF6B4226E3361000D47115 /* Sources */ = {
			isa = PBXSourcesBuildPhase;
			buildActionMask = 2147483647;
			files = (
				55FF6B4B26E3361000D47115 /* Tests_iOS.swift in Sources */,
			);
			runOnlyForDeploymentPostprocessing = 0;
		};
		55FF6B4C26E3361000D47115 /* Sources */ = {
			isa = PBXSourcesBuildPhase;
			buildActionMask = 2147483647;
			files = (
				55FF6B5526E3361000D47115 /* Tests_macOS.swift in Sources */,
			);
			runOnlyForDeploymentPostprocessing = 0;
		};
/* End PBXSourcesBuildPhase section */

/* Begin PBXTargetDependency section */
		55FF6B4826E3361000D47115 /* PBXTargetDependency */ = {
			isa = PBXTargetDependency;
			target = 55FF6B3A26E3361000D47115 /* MapPP (iOS) */;
			targetProxy = 55FF6B4726E3361000D47115 /* PBXContainerItemProxy */;
		};
		55FF6B5226E3361000D47115 /* PBXTargetDependency */ = {
			isa = PBXTargetDependency;
			target = 55FF6B4026E3361000D47115 /* MapPP (macOS) */;
			targetProxy = 55FF6B5126E3361000D47115 /* PBXContainerItemProxy */;
		};
/* End PBXTargetDependency section */

/* Begin XCBuildConfiguration section */
		55FF6B5C26E3361000D47115 /* Debug */ = {
			isa = XCBuildConfiguration;
			buildSettings = {
				ALWAYS_SEARCH_USER_PATHS = NO;
				CLANG_ANALYZER_NONNULL = YES;
				CLANG_ANALYZER_NUMBER_OBJECT_CONVERSION = YES_AGGRESSIVE;
				CLANG_CXX_LANGUAGE_STANDARD = "gnu++17";
				CLANG_CXX_LIBRARY = "libc++";
				CLANG_ENABLE_MODULES = YES;
				CLANG_ENABLE_OBJC_ARC = YES;
				CLANG_ENABLE_OBJC_WEAK = YES;
				CLANG_WARN_BLOCK_CAPTURE_AUTORELEASING = YES;
				CLANG_WARN_BOOL_CONVERSION = YES;
				CLANG_WARN_COMMA = YES;
				CLANG_WARN_CONSTANT_CONVERSION = YES;
				CLANG_WARN_DEPRECATED_OBJC_IMPLEMENTATIONS = YES;
				CLANG_WARN_DIRECT_OBJC_ISA_USAGE = YES_ERROR;
				CLANG_WARN_DOCUMENTATION_COMMENTS = YES;
				CLANG_WARN_EMPTY_BODY = YES;
				CLANG_WARN_ENUM_CONVERSION = YES;
				CLANG_WARN_INFINITE_RECURSION = YES;
				CLANG_WARN_INT_CONVERSION = YES;
				CLANG_WARN_NON_LITERAL_NULL_CONVERSION = YES;
				CLANG_WARN_OBJC_IMPLICIT_RETAIN_SELF = YES;
				CLANG_WARN_OBJC_LITERAL_CONVERSION = YES;
				CLANG_WARN_OBJC_ROOT_CLASS = YES_ERROR;
				CLANG_WARN_QUOTED_INCLUDE_IN_FRAMEWORK_HEADER = YES;
				CLANG_WARN_RANGE_LOOP_ANALYSIS = YES;
				CLANG_WARN_STRICT_PROTOTYPES = YES;
				CLANG_WARN_SUSPICIOUS_MOVE = YES;
				CLANG_WARN_UNGUARDED_AVAILABILITY = YES_AGGRESSIVE;
				CLANG_WARN_UNREACHABLE_CODE = YES;
				CLANG_WARN__DUPLICATE_METHOD_MATCH = YES;
				COPY_PHASE_STRIP = NO;
				DEBUG_INFORMATION_FORMAT = dwarf;
				ENABLE_STRICT_OBJC_MSGSEND = YES;
				ENABLE_TESTABILITY = YES;
				GCC_C_LANGUAGE_STANDARD = gnu11;
				GCC_DYNAMIC_NO_PIC = NO;
				GCC_NO_COMMON_BLOCKS = YES;
				GCC_OPTIMIZATION_LEVEL = 0;
				GCC_PREPROCESSOR_DEFINITIONS = (
					"DEBUG=1",
					"$(inherited)",
				);
				GCC_WARN_64_TO_32_BIT_CONVERSION = YES;
				GCC_WARN_ABOUT_RETURN_TYPE = YES_ERROR;
				GCC_WARN_UNDECLARED_SELECTOR = YES;
				GCC_WARN_UNINITIALIZED_AUTOS = YES_AGGRESSIVE;
				GCC_WARN_UNUSED_FUNCTION = YES;
				GCC_WARN_UNUSED_VARIABLE = YES;
				MTL_ENABLE_DEBUG_INFO = INCLUDE_SOURCE;
				MTL_FAST_MATH = YES;
				ONLY_ACTIVE_ARCH = YES;
				SWIFT_ACTIVE_COMPILATION_CONDITIONS = DEBUG;
				SWIFT_OPTIMIZATION_LEVEL = "-Onone";
			};
			name = Debug;
		};
		55FF6B5D26E3361000D47115 /* Release */ = {
			isa = XCBuildConfiguration;
			buildSettings = {
				ALWAYS_SEARCH_USER_PATHS = NO;
				CLANG_ANALYZER_NONNULL = YES;
				CLANG_ANALYZER_NUMBER_OBJECT_CONVERSION = YES_AGGRESSIVE;
				CLANG_CXX_LANGUAGE_STANDARD = "gnu++17";
				CLANG_CXX_LIBRARY = "libc++";
				CLANG_ENABLE_MODULES = YES;
				CLANG_ENABLE_OBJC_ARC = YES;
				CLANG_ENABLE_OBJC_WEAK = YES;
				CLANG_WARN_BLOCK_CAPTURE_AUTORELEASING = YES;
				CLANG_WARN_BOOL_CONVERSION = YES;
				CLANG_WARN_COMMA = YES;
				CLANG_WARN_CONSTANT_CONVERSION = YES;
				CLANG_WARN_DEPRECATED_OBJC_IMPLEMENTATIONS = YES;
				CLANG_WARN_DIRECT_OBJC_ISA_USAGE = YES_ERROR;
				CLANG_WARN_DOCUMENTATION_COMMENTS = YES;
				CLANG_WARN_EMPTY_BODY = YES;
				CLANG_WARN_ENUM_CONVERSION = YES;
				CLANG_WARN_INFINITE_RECURSION = YES;
				CLANG_WARN_INT_CONVERSION = YES;
				CLANG_WARN_NON_LITERAL_NULL_CONVERSION = YES;
				CLANG_WARN_OBJC_IMPLICIT_RETAIN_SELF = YES;
				CLANG_WARN_OBJC_LITERAL_CONVERSION = YES;
				CLANG_WARN_OBJC_ROOT_CLASS = YES_ERROR;
				CLANG_WARN_QUOTED_INCLUDE_IN_FRAMEWORK_HEADER = YES;
				CLANG_WARN_RANGE_LOOP_ANALYSIS = YES;
				CLANG_WARN_STRICT_PROTOTYPES = YES;
				CLANG_WARN_SUSPICIOUS_MOVE = YES;
				CLANG_WARN_UNGUARDED_AVAILABILITY = YES_AGGRESSIVE;
				CLANG_WARN_UNREACHABLE_CODE = YES;
				CLANG_WARN__DUPLICATE_METHOD_MATCH = YES;
				COPY_PHASE_STRIP = NO;
				DEBUG_INFORMATION_FORMAT = "dwarf-with-dsym";
				ENABLE_NS_ASSERTIONS = NO;
				ENABLE_STRICT_OBJC_MSGSEND = YES;
				GCC_C_LANGUAGE_STANDARD = gnu11;
				GCC_NO_COMMON_BLOCKS = YES;
				GCC_WARN_64_TO_32_BIT_CONVERSION = YES;
				GCC_WARN_ABOUT_RETURN_TYPE = YES_ERROR;
				GCC_WARN_UNDECLARED_SELECTOR = YES;
				GCC_WARN_UNINITIALIZED_AUTOS = YES_AGGRESSIVE;
				GCC_WARN_UNUSED_FUNCTION = YES;
				GCC_WARN_UNUSED_VARIABLE = YES;
				MTL_ENABLE_DEBUG_INFO = NO;
				MTL_FAST_MATH = YES;
				SWIFT_COMPILATION_MODE = wholemodule;
				SWIFT_OPTIMIZATION_LEVEL = "-O";
			};
			name = Release;
		};
		55FF6B5F26E3361000D47115 /* Debug */ = {
			isa = XCBuildConfiguration;
			buildSettings = {
				ASSETCATALOG_COMPILER_APPICON_NAME = AppIcon;
				ASSETCATALOG_COMPILER_GLOBAL_ACCENT_COLOR_NAME = AccentColor;
				CODE_SIGN_STYLE = Automatic;
				CURRENT_PROJECT_VERSION = 1;
				DEVELOPMENT_TEAM = 8FG4C2H2SM;
				ENABLE_PREVIEWS = YES;
				GENERATE_INFOPLIST_FILE = YES;
				INFOPLIST_KEY_UIApplicationSceneManifest_Generation = YES;
				INFOPLIST_KEY_UIApplicationSupportsIndirectInputEvents = YES;
				INFOPLIST_KEY_UILaunchScreen_Generation = YES;
				INFOPLIST_KEY_UISupportedInterfaceOrientations_iPad = "UIInterfaceOrientationPortrait UIInterfaceOrientationPortraitUpsideDown UIInterfaceOrientationLandscapeLeft UIInterfaceOrientationLandscapeRight";
				INFOPLIST_KEY_UISupportedInterfaceOrientations_iPhone = "UIInterfaceOrientationPortrait UIInterfaceOrientationLandscapeLeft UIInterfaceOrientationLandscapeRight";
				IPHONEOS_DEPLOYMENT_TARGET = 14.0;
				LD_RUNPATH_SEARCH_PATHS = (
					"$(inherited)",
					"@executable_path/Frameworks",
				);
				MARKETING_VERSION = 1.0;
				PRODUCT_BUNDLE_IDENTIFIER = "com.yasai-t.MapPP";
				PRODUCT_NAME = MapPP;
				SDKROOT = iphoneos;
				SWIFT_EMIT_LOC_STRINGS = YES;
				SWIFT_VERSION = 5.0;
				TARGETED_DEVICE_FAMILY = "1,2";
			};
			name = Debug;
		};
		55FF6B6026E3361000D47115 /* Release */ = {
			isa = XCBuildConfiguration;
			buildSettings = {
				ASSETCATALOG_COMPILER_APPICON_NAME = AppIcon;
				ASSETCATALOG_COMPILER_GLOBAL_ACCENT_COLOR_NAME = AccentColor;
				CODE_SIGN_STYLE = Automatic;
				CURRENT_PROJECT_VERSION = 1;
				DEVELOPMENT_TEAM = 8FG4C2H2SM;
				ENABLE_PREVIEWS = YES;
				GENERATE_INFOPLIST_FILE = YES;
				INFOPLIST_KEY_UIApplicationSceneManifest_Generation = YES;
				INFOPLIST_KEY_UIApplicationSupportsIndirectInputEvents = YES;
				INFOPLIST_KEY_UILaunchScreen_Generation = YES;
				INFOPLIST_KEY_UISupportedInterfaceOrientations_iPad = "UIInterfaceOrientationPortrait UIInterfaceOrientationPortraitUpsideDown UIInterfaceOrientationLandscapeLeft UIInterfaceOrientationLandscapeRight";
				INFOPLIST_KEY_UISupportedInterfaceOrientations_iPhone = "UIInterfaceOrientationPortrait UIInterfaceOrientationLandscapeLeft UIInterfaceOrientationLandscapeRight";
				IPHONEOS_DEPLOYMENT_TARGET = 14.0;
				LD_RUNPATH_SEARCH_PATHS = (
					"$(inherited)",
					"@executable_path/Frameworks",
				);
				MARKETING_VERSION = 1.0;
				PRODUCT_BUNDLE_IDENTIFIER = "com.yasai-t.MapPP";
				PRODUCT_NAME = MapPP;
				SDKROOT = iphoneos;
				SWIFT_EMIT_LOC_STRINGS = YES;
				SWIFT_VERSION = 5.0;
				TARGETED_DEVICE_FAMILY = "1,2";
				VALIDATE_PRODUCT = YES;
			};
			name = Release;
		};
		55FF6B6226E3361000D47115 /* Debug */ = {
			isa = XCBuildConfiguration;
			buildSettings = {
				ASSETCATALOG_COMPILER_APPICON_NAME = AppIcon;
				ASSETCATALOG_COMPILER_GLOBAL_ACCENT_COLOR_NAME = AccentColor;
				CODE_SIGN_STYLE = Automatic;
				COMBINE_HIDPI_IMAGES = YES;
				CURRENT_PROJECT_VERSION = 1;
				DEVELOPMENT_TEAM = 8FG4C2H2SM;
				ENABLE_APP_SANDBOX = YES;
				ENABLE_HARDENED_RUNTIME = YES;
				ENABLE_PREVIEWS = YES;
				ENABLE_USER_SELECTED_FILES = readonly;
				GENERATE_INFOPLIST_FILE = YES;
				INFOPLIST_KEY_NSHumanReadableCopyright = "";
				LD_RUNPATH_SEARCH_PATHS = (
					"$(inherited)",
					"@executable_path/../Frameworks",
				);
				MACOSX_DEPLOYMENT_TARGET = 11.0;
				MARKETING_VERSION = 1.0;
				PRODUCT_BUNDLE_IDENTIFIER = "com.yasai-t.MapPP";
				PRODUCT_NAME = MapPP;
				SDKROOT = macosx;
				SWIFT_EMIT_LOC_STRINGS = YES;
				SWIFT_VERSION = 5.0;
			};
			name = Debug;
		};
		55FF6B6326E3361000D47115 /* Release */ = {
			isa = XCBuildConfiguration;
			buildSettings = {
				ASSETCATALOG_COMPILER_APPICON_NAME = AppIcon;
				ASSETCATALOG_COMPILER_GLOBAL_ACCENT_COLOR_NAME = AccentColor;
				CODE_SIGN_STYLE = Automatic;
				COMBINE_HIDPI_IMAGES = YES;
				CURRENT_PROJECT_VERSION = 1;
				DEVELOPMENT_TEAM = 8FG4C2H2SM;
				ENABLE_APP_SANDBOX = YES;
				ENABLE_HARDENED_RUNTIME = YES;
				ENABLE_PREVIEWS = YES;
				ENABLE_USER_SELECTED_FILES = readonly;
				GENERATE_INFOPLIST_FILE = YES;
				INFOPLIST_KEY_NSHumanReadableCopyright = "";
				LD_RUNPATH_SEARCH_PATHS = (
					"$(inherited)",
					"@executable_path/../Frameworks",
				);
				MACOSX_DEPLOYMENT_TARGET = 11.0;
				MARKETING_VERSION = 1.0;
				PRODUCT_BUNDLE_IDENTIFIER = "com.yasai-t.MapPP";
				PRODUCT_NAME = MapPP;
				SDKROOT = macosx;
				SWIFT_EMIT_LOC_STRINGS = YES;
				SWIFT_VERSION = 5.0;
			};
			name = Release;
		};
		55FF6B6526E3361000D47115 /* Debug */ = {
			isa = XCBuildConfiguration;
			buildSettings = {
				ALWAYS_EMBED_SWIFT_STANDARD_LIBRARIES = YES;
				CODE_SIGN_STYLE = Automatic;
				CURRENT_PROJECT_VERSION = 1;
				DEVELOPMENT_TEAM = 8FG4C2H2SM;
				GENERATE_INFOPLIST_FILE = YES;
				IPHONEOS_DEPLOYMENT_TARGET = 15.0;
				LD_RUNPATH_SEARCH_PATHS = (
					"$(inherited)",
					"@executable_path/Frameworks",
					"@loader_path/Frameworks",
				);
				MARKETING_VERSION = 1.0;
				PRODUCT_BUNDLE_IDENTIFIER = "com.yasai-t.Tests-iOS";
				PRODUCT_NAME = "$(TARGET_NAME)";
				SDKROOT = iphoneos;
				SWIFT_EMIT_LOC_STRINGS = NO;
				SWIFT_VERSION = 5.0;
				TARGETED_DEVICE_FAMILY = "1,2";
				TEST_TARGET_NAME = "MapPP (iOS)";
			};
			name = Debug;
		};
		55FF6B6626E3361000D47115 /* Release */ = {
			isa = XCBuildConfiguration;
			buildSettings = {
				ALWAYS_EMBED_SWIFT_STANDARD_LIBRARIES = YES;
				CODE_SIGN_STYLE = Automatic;
				CURRENT_PROJECT_VERSION = 1;
				DEVELOPMENT_TEAM = 8FG4C2H2SM;
				GENERATE_INFOPLIST_FILE = YES;
				IPHONEOS_DEPLOYMENT_TARGET = 15.0;
				LD_RUNPATH_SEARCH_PATHS = (
					"$(inherited)",
					"@executable_path/Frameworks",
					"@loader_path/Frameworks",
				);
				MARKETING_VERSION = 1.0;
				PRODUCT_BUNDLE_IDENTIFIER = "com.yasai-t.Tests-iOS";
				PRODUCT_NAME = "$(TARGET_NAME)";
				SDKROOT = iphoneos;
				SWIFT_EMIT_LOC_STRINGS = NO;
				SWIFT_VERSION = 5.0;
				TARGETED_DEVICE_FAMILY = "1,2";
				TEST_TARGET_NAME = "MapPP (iOS)";
				VALIDATE_PRODUCT = YES;
			};
			name = Release;
		};
		55FF6B6826E3361000D47115 /* Debug */ = {
			isa = XCBuildConfiguration;
			buildSettings = {
				ALWAYS_EMBED_SWIFT_STANDARD_LIBRARIES = YES;
				CODE_SIGN_STYLE = Automatic;
				COMBINE_HIDPI_IMAGES = YES;
				CURRENT_PROJECT_VERSION = 1;
				DEVELOPMENT_TEAM = 8FG4C2H2SM;
				GENERATE_INFOPLIST_FILE = YES;
				LD_RUNPATH_SEARCH_PATHS = (
					"$(inherited)",
					"@executable_path/../Frameworks",
					"@loader_path/../Frameworks",
				);
				MACOSX_DEPLOYMENT_TARGET = 11.5;
				MARKETING_VERSION = 1.0;
				PRODUCT_BUNDLE_IDENTIFIER = "com.yasai-t.Tests-macOS";
				PRODUCT_NAME = "$(TARGET_NAME)";
				SDKROOT = macosx;
				SWIFT_EMIT_LOC_STRINGS = NO;
				SWIFT_VERSION = 5.0;
				TEST_TARGET_NAME = "MapPP (macOS)";
			};
			name = Debug;
		};
		55FF6B6926E3361000D47115 /* Release */ = {
			isa = XCBuildConfiguration;
			buildSettings = {
				ALWAYS_EMBED_SWIFT_STANDARD_LIBRARIES = YES;
				CODE_SIGN_STYLE = Automatic;
				COMBINE_HIDPI_IMAGES = YES;
				CURRENT_PROJECT_VERSION = 1;
				DEVELOPMENT_TEAM = 8FG4C2H2SM;
				GENERATE_INFOPLIST_FILE = YES;
				LD_RUNPATH_SEARCH_PATHS = (
					"$(inherited)",
					"@executable_path/../Frameworks",
					"@loader_path/../Frameworks",
				);
				MACOSX_DEPLOYMENT_TARGET = 11.5;
				MARKETING_VERSION = 1.0;
				PRODUCT_BUNDLE_IDENTIFIER = "com.yasai-t.Tests-macOS";
				PRODUCT_NAME = "$(TARGET_NAME)";
				SDKROOT = macosx;
				SWIFT_EMIT_LOC_STRINGS = NO;
				SWIFT_VERSION = 5.0;
				TEST_TARGET_NAME = "MapPP (macOS)";
			};
			name = Release;
		};
/* End XCBuildConfiguration section */

/* Begin XCConfigurationList section */
		55FF6B3226E3360E00D47115 /* Build configuration list for PBXProject "MapPP" */ = {
			isa = XCConfigurationList;
			buildConfigurations = (
				55FF6B5C26E3361000D47115 /* Debug */,
				55FF6B5D26E3361000D47115 /* Release */,
			);
			defaultConfigurationIsVisible = 0;
			defaultConfigurationName = Release;
		};
		55FF6B5E26E3361000D47115 /* Build configuration list for PBXNativeTarget "MapPP (iOS)" */ = {
			isa = XCConfigurationList;
			buildConfigurations = (
				55FF6B5F26E3361000D47115 /* Debug */,
				55FF6B6026E3361000D47115 /* Release */,
			);
			defaultConfigurationIsVisible = 0;
			defaultConfigurationName = Release;
		};
		55FF6B6126E3361000D47115 /* Build configuration list for PBXNativeTarget "MapPP (macOS)" */ = {
			isa = XCConfigurationList;
			buildConfigurations = (
				55FF6B6226E3361000D47115 /* Debug */,
				55FF6B6326E3361000D47115 /* Release */,
			);
			defaultConfigurationIsVisible = 0;
			defaultConfigurationName = Release;
		};
		55FF6B6426E3361000D47115 /* Build configuration list for PBXNativeTarget "Tests iOS" */ = {
			isa = XCConfigurationList;
			buildConfigurations = (
				55FF6B6526E3361000D47115 /* Debug */,
				55FF6B6626E3361000D47115 /* Release */,
			);
			defaultConfigurationIsVisible = 0;
			defaultConfigurationName = Release;
		};
		55FF6B6726E3361000D47115 /* Build configuration list for PBXNativeTarget "Tests macOS" */ = {
			isa = XCConfigurationList;
			buildConfigurations = (
				55FF6B6826E3361000D47115 /* Debug */,
				55FF6B6926E3361000D47115 /* Release */,
			);
			defaultConfigurationIsVisible = 0;
			defaultConfigurationName = Release;
		};
/* End XCConfigurationList section */
	};
	rootObject = 55FF6B2F26E3360E00D47115 /* Project object */;
}
